// !$*UTF8*$!
{
	archiveVersion = 1;
	classes = {
	};
	objectVersion = 48;
	objects = {

/* Begin PBXBuildFile section */
		98A50CA4209F7B7F0090FC8E /* AppDelegate.swift in Sources */ = {isa = PBXBuildFile; fileRef = 98A50CA3209F7B7F0090FC8E /* AppDelegate.swift */; };
		98A50CA6209F7B7F0090FC8E /* ViewController.swift in Sources */ = {isa = PBXBuildFile; fileRef = 98A50CA5209F7B7F0090FC8E /* ViewController.swift */; };
		98A50CA9209F7B7F0090FC8E /* Main.storyboard in Resources */ = {isa = PBXBuildFile; fileRef = 98A50CA7209F7B7F0090FC8E /* Main.storyboard */; };
		98A50CAB209F7B7F0090FC8E /* Assets.xcassets in Resources */ = {isa = PBXBuildFile; fileRef = 98A50CAA209F7B7F0090FC8E /* Assets.xcassets */; };
		98A50CAE209F7B7F0090FC8E /* LaunchScreen.storyboard in Resources */ = {isa = PBXBuildFile; fileRef = 98A50CAC209F7B7F0090FC8E /* LaunchScreen.storyboard */; };
		98A50CB9209F7B7F0090FC8E /* HousePartyAppTests.swift in Sources */ = {isa = PBXBuildFile; fileRef = 98A50CB8209F7B7F0090FC8E /* HousePartyAppTests.swift */; };
		98A50CC4209F7B7F0090FC8E /* HousePartyAppUITests.swift in Sources */ = {isa = PBXBuildFile; fileRef = 98A50CC3209F7B7F0090FC8E /* HousePartyAppUITests.swift */; };
/* End PBXBuildFile section */

/* Begin PBXContainerItemProxy section */
		98A50CB5209F7B7F0090FC8E /* PBXContainerItemProxy */ = {
			isa = PBXContainerItemProxy;
			containerPortal = 98A50C98209F7B7F0090FC8E /* Project object */;
			proxyType = 1;
			remoteGlobalIDString = 98A50C9F209F7B7F0090FC8E;
			remoteInfo = HousePartyApp;
		};
		98A50CC0209F7B7F0090FC8E /* PBXContainerItemProxy */ = {
			isa = PBXContainerItemProxy;
			containerPortal = 98A50C98209F7B7F0090FC8E /* Project object */;
			proxyType = 1;
			remoteGlobalIDString = 98A50C9F209F7B7F0090FC8E;
			remoteInfo = HousePartyApp;
		};
/* End PBXContainerItemProxy section */

/* Begin PBXFileReference section */
		98A50CA0209F7B7F0090FC8E /* HousePartyApp.app */ = {isa = PBXFileReference; explicitFileType = wrapper.application; includeInIndex = 0; path = HousePartyApp.app; sourceTree = BUILT_PRODUCTS_DIR; };
		98A50CA3209F7B7F0090FC8E /* AppDelegate.swift */ = {isa = PBXFileReference; lastKnownFileType = sourcecode.swift; path = AppDelegate.swift; sourceTree = "<group>"; };
		98A50CA5209F7B7F0090FC8E /* ViewController.swift */ = {isa = PBXFileReference; lastKnownFileType = sourcecode.swift; path = ViewController.swift; sourceTree = "<group>"; };
		98A50CA8209F7B7F0090FC8E /* Base */ = {isa = PBXFileReference; lastKnownFileType = file.storyboard; name = Base; path = Base.lproj/Main.storyboard; sourceTree = "<group>"; };
		98A50CAA209F7B7F0090FC8E /* Assets.xcassets */ = {isa = PBXFileReference; lastKnownFileType = folder.assetcatalog; path = Assets.xcassets; sourceTree = "<group>"; };
		98A50CAD209F7B7F0090FC8E /* Base */ = {isa = PBXFileReference; lastKnownFileType = file.storyboard; name = Base; path = Base.lproj/LaunchScreen.storyboard; sourceTree = "<group>"; };
		98A50CAF209F7B7F0090FC8E /* Info.plist */ = {isa = PBXFileReference; lastKnownFileType = text.plist.xml; path = Info.plist; sourceTree = "<group>"; };
		98A50CB4209F7B7F0090FC8E /* HousePartyAppTests.xctest */ = {isa = PBXFileReference; explicitFileType = wrapper.cfbundle; includeInIndex = 0; path = HousePartyAppTests.xctest; sourceTree = BUILT_PRODUCTS_DIR; };
		98A50CB8209F7B7F0090FC8E /* HousePartyAppTests.swift */ = {isa = PBXFileReference; lastKnownFileType = sourcecode.swift; path = HousePartyAppTests.swift; sourceTree = "<group>"; };
		98A50CBA209F7B7F0090FC8E /* Info.plist */ = {isa = PBXFileReference; lastKnownFileType = text.plist.xml; path = Info.plist; sourceTree = "<group>"; };
		98A50CBF209F7B7F0090FC8E /* HousePartyAppUITests.xctest */ = {isa = PBXFileReference; explicitFileType = wrapper.cfbundle; includeInIndex = 0; path = HousePartyAppUITests.xctest; sourceTree = BUILT_PRODUCTS_DIR; };
		98A50CC3209F7B7F0090FC8E /* HousePartyAppUITests.swift */ = {isa = PBXFileReference; lastKnownFileType = sourcecode.swift; path = HousePartyAppUITests.swift; sourceTree = "<group>"; };
		98A50CC5209F7B7F0090FC8E /* Info.plist */ = {isa = PBXFileReference; lastKnownFileType = text.plist.xml; path = Info.plist; sourceTree = "<group>"; };
/* End PBXFileReference section */

/* Begin PBXFrameworksBuildPhase section */
		98A50C9D209F7B7F0090FC8E /* Frameworks */ = {
			isa = PBXFrameworksBuildPhase;
			buildActionMask = 2147483647;
			files = (
			);
			runOnlyForDeploymentPostprocessing = 0;
		};
		98A50CB1209F7B7F0090FC8E /* Frameworks */ = {
			isa = PBXFrameworksBuildPhase;
			buildActionMask = 2147483647;
			files = (
			);
			runOnlyForDeploymentPostprocessing = 0;
		};
		98A50CBC209F7B7F0090FC8E /* Frameworks */ = {
			isa = PBXFrameworksBuildPhase;
			buildActionMask = 2147483647;
			files = (
			);
			runOnlyForDeploymentPostprocessing = 0;
		};
/* End PBXFrameworksBuildPhase section */

/* Begin PBXGroup section */
		98A50C97209F7B7F0090FC8E = {
			isa = PBXGroup;
			children = (
				98A50CA2209F7B7F0090FC8E /* HousePartyApp */,
				98A50CB7209F7B7F0090FC8E /* HousePartyAppTests */,
				98A50CC2209F7B7F0090FC8E /* HousePartyAppUITests */,
				98A50CA1209F7B7F0090FC8E /* Products */,
			);
			sourceTree = "<group>";
		};
		98A50CA1209F7B7F0090FC8E /* Products */ = {
			isa = PBXGroup;
			children = (
				98A50CA0209F7B7F0090FC8E /* HousePartyApp.app */,
				98A50CB4209F7B7F0090FC8E /* HousePartyAppTests.xctest */,
				98A50CBF209F7B7F0090FC8E /* HousePartyAppUITests.xctest */,
			);
			name = Products;
			sourceTree = "<group>";
		};
		98A50CA2209F7B7F0090FC8E /* HousePartyApp */ = {
			isa = PBXGroup;
			children = (
				98A50CA3209F7B7F0090FC8E /* AppDelegate.swift */,
				98A50CA5209F7B7F0090FC8E /* ViewController.swift */,
				98A50CA7209F7B7F0090FC8E /* Main.storyboard */,
				98A50CAA209F7B7F0090FC8E /* Assets.xcassets */,
				98A50CAC209F7B7F0090FC8E /* LaunchScreen.storyboard */,
				98A50CAF209F7B7F0090FC8E /* Info.plist */,
			);
			path = HousePartyApp;
			sourceTree = "<group>";
		};
		98A50CB7209F7B7F0090FC8E /* HousePartyAppTests */ = {
			isa = PBXGroup;
			children = (
				98A50CB8209F7B7F0090FC8E /* HousePartyAppTests.swift */,
				98A50CBA209F7B7F0090FC8E /* Info.plist */,
			);
			path = HousePartyAppTests;
			sourceTree = "<group>";
		};
		98A50CC2209F7B7F0090FC8E /* HousePartyAppUITests */ = {
			isa = PBXGroup;
			children = (
				98A50CC3209F7B7F0090FC8E /* HousePartyAppUITests.swift */,
				98A50CC5209F7B7F0090FC8E /* Info.plist */,
			);
			path = HousePartyAppUITests;
			sourceTree = "<group>";
		};
/* End PBXGroup section */

/* Begin PBXNativeTarget section */
		98A50C9F209F7B7F0090FC8E /* HousePartyApp */ = {
			isa = PBXNativeTarget;
			buildConfigurationList = 98A50CC8209F7B7F0090FC8E /* Build configuration list for PBXNativeTarget "HousePartyApp" */;
			buildPhases = (
				98A50C9C209F7B7F0090FC8E /* Sources */,
				98A50C9D209F7B7F0090FC8E /* Frameworks */,
				98A50C9E209F7B7F0090FC8E /* Resources */,
			);
			buildRules = (
			);
			dependencies = (
			);
			name = HousePartyApp;
			productName = HousePartyApp;
			productReference = 98A50CA0209F7B7F0090FC8E /* HousePartyApp.app */;
			productType = "com.apple.product-type.application";
		};
		98A50CB3209F7B7F0090FC8E /* HousePartyAppTests */ = {
			isa = PBXNativeTarget;
			buildConfigurationList = 98A50CCB209F7B7F0090FC8E /* Build configuration list for PBXNativeTarget "HousePartyAppTests" */;
			buildPhases = (
				98A50CB0209F7B7F0090FC8E /* Sources */,
				98A50CB1209F7B7F0090FC8E /* Frameworks */,
				98A50CB2209F7B7F0090FC8E /* Resources */,
			);
			buildRules = (
			);
			dependencies = (
				98A50CB6209F7B7F0090FC8E /* PBXTargetDependency */,
			);
			name = HousePartyAppTests;
			productName = HousePartyAppTests;
			productReference = 98A50CB4209F7B7F0090FC8E /* HousePartyAppTests.xctest */;
			productType = "com.apple.product-type.bundle.unit-test";
		};
		98A50CBE209F7B7F0090FC8E /* HousePartyAppUITests */ = {
			isa = PBXNativeTarget;
			buildConfigurationList = 98A50CCE209F7B7F0090FC8E /* Build configuration list for PBXNativeTarget "HousePartyAppUITests" */;
			buildPhases = (
				98A50CBB209F7B7F0090FC8E /* Sources */,
				98A50CBC209F7B7F0090FC8E /* Frameworks */,
				98A50CBD209F7B7F0090FC8E /* Resources */,
			);
			buildRules = (
			);
			dependencies = (
				98A50CC1209F7B7F0090FC8E /* PBXTargetDependency */,
			);
			name = HousePartyAppUITests;
			productName = HousePartyAppUITests;
			productReference = 98A50CBF209F7B7F0090FC8E /* HousePartyAppUITests.xctest */;
			productType = "com.apple.product-type.bundle.ui-testing";
		};
/* End PBXNativeTarget section */

/* Begin PBXProject section */
		98A50C98209F7B7F0090FC8E /* Project object */ = {
			isa = PBXProject;
			attributes = {
				LastSwiftUpdateCheck = 0920;
				LastUpgradeCheck = 0920;
				ORGANIZATIONNAME = "Cluk Labs";
				TargetAttributes = {
					98A50C9F209F7B7F0090FC8E = {
						CreatedOnToolsVersion = 9.2;
						ProvisioningStyle = Automatic;
					};
					98A50CB3209F7B7F0090FC8E = {
						CreatedOnToolsVersion = 9.2;
						ProvisioningStyle = Automatic;
						TestTargetID = 98A50C9F209F7B7F0090FC8E;
					};
					98A50CBE209F7B7F0090FC8E = {
						CreatedOnToolsVersion = 9.2;
						ProvisioningStyle = Automatic;
						TestTargetID = 98A50C9F209F7B7F0090FC8E;
					};
				};
			};
			buildConfigurationList = 98A50C9B209F7B7F0090FC8E /* Build configuration list for PBXProject "HousePartyApp" */;
			compatibilityVersion = "Xcode 8.0";
			developmentRegion = en;
			hasScannedForEncodings = 0;
			knownRegions = (
				en,
				Base,
			);
			mainGroup = 98A50C97209F7B7F0090FC8E;
			productRefGroup = 98A50CA1209F7B7F0090FC8E /* Products */;
			projectDirPath = "";
			projectRoot = "";
			targets = (
				98A50C9F209F7B7F0090FC8E /* HousePartyApp */,
				98A50CB3209F7B7F0090FC8E /* HousePartyAppTests */,
				98A50CBE209F7B7F0090FC8E /* HousePartyAppUITests */,
			);
		};
/* End PBXProject section */

/* Begin PBXResourcesBuildPhase section */
		98A50C9E209F7B7F0090FC8E /* Resources */ = {
			isa = PBXResourcesBuildPhase;
			buildActionMask = 2147483647;
			files = (
				98A50CAE209F7B7F0090FC8E /* LaunchScreen.storyboard in Resources */,
				98A50CAB209F7B7F0090FC8E /* Assets.xcassets in Resources */,
				98A50CA9209F7B7F0090FC8E /* Main.storyboard in Resources */,
			);
			runOnlyForDeploymentPostprocessing = 0;
		};
		98A50CB2209F7B7F0090FC8E /* Resources */ = {
			isa = PBXResourcesBuildPhase;
			buildActionMask = 2147483647;
			files = (
			);
			runOnlyForDeploymentPostprocessing = 0;
		};
		98A50CBD209F7B7F0090FC8E /* Resources */ = {
			isa = PBXResourcesBuildPhase;
			buildActionMask = 2147483647;
			files = (
			);
			runOnlyForDeploymentPostprocessing = 0;
		};
/* End PBXResourcesBuildPhase section */

/* Begin PBXSourcesBuildPhase section */
		98A50C9C209F7B7F0090FC8E /* Sources */ = {
			isa = PBXSourcesBuildPhase;
			buildActionMask = 2147483647;
			files = (
				98A50CA6209F7B7F0090FC8E /* ViewController.swift in Sources */,
				98A50CA4209F7B7F0090FC8E /* AppDelegate.swift in Sources */,
			);
			runOnlyForDeploymentPostprocessing = 0;
		};
		98A50CB0209F7B7F0090FC8E /* Sources */ = {
			isa = PBXSourcesBuildPhase;
			buildActionMask = 2147483647;
			files = (
				98A50CB9209F7B7F0090FC8E /* HousePartyAppTests.swift in Sources */,
			);
			runOnlyForDeploymentPostprocessing = 0;
		};
		98A50CBB209F7B7F0090FC8E /* Sources */ = {
			isa = PBXSourcesBuildPhase;
			buildActionMask = 2147483647;
			files = (
				98A50CC4209F7B7F0090FC8E /* HousePartyAppUITests.swift in Sources */,
			);
			runOnlyForDeploymentPostprocessing = 0;
		};
/* End PBXSourcesBuildPhase section */

/* Begin PBXTargetDependency section */
		98A50CB6209F7B7F0090FC8E /* PBXTargetDependency */ = {
			isa = PBXTargetDependency;
			target = 98A50C9F209F7B7F0090FC8E /* HousePartyApp */;
			targetProxy = 98A50CB5209F7B7F0090FC8E /* PBXContainerItemProxy */;
		};
		98A50CC1209F7B7F0090FC8E /* PBXTargetDependency */ = {
			isa = PBXTargetDependency;
			target = 98A50C9F209F7B7F0090FC8E /* HousePartyApp */;
			targetProxy = 98A50CC0209F7B7F0090FC8E /* PBXContainerItemProxy */;
		};
/* End PBXTargetDependency section */

/* Begin PBXVariantGroup section */
		98A50CA7209F7B7F0090FC8E /* Main.storyboard */ = {
			isa = PBXVariantGroup;
			children = (
				98A50CA8209F7B7F0090FC8E /* Base */,
			);
			name = Main.storyboard;
			sourceTree = "<group>";
		};
		98A50CAC209F7B7F0090FC8E /* LaunchScreen.storyboard */ = {
			isa = PBXVariantGroup;
			children = (
				98A50CAD209F7B7F0090FC8E /* Base */,
			);
			name = LaunchScreen.storyboard;
			sourceTree = "<group>";
		};
/* End PBXVariantGroup section */

/* Begin XCBuildConfiguration section */
		98A50CC6209F7B7F0090FC8E /* Debug */ = {
			isa = XCBuildConfiguration;
			buildSettings = {
				ALWAYS_SEARCH_USER_PATHS = NO;
				CLANG_ANALYZER_NONNULL = YES;
				CLANG_ANALYZER_NUMBER_OBJECT_CONVERSION = YES_AGGRESSIVE;
				CLANG_CXX_LANGUAGE_STANDARD = "gnu++14";
				CLANG_CXX_LIBRARY = "libc++";
				CLANG_ENABLE_MODULES = YES;
				CLANG_ENABLE_OBJC_ARC = YES;
				CLANG_WARN_BLOCK_CAPTURE_AUTORELEASING = YES;
				CLANG_WARN_BOOL_CONVERSION = YES;
				CLANG_WARN_COMMA = YES;
				CLANG_WARN_CONSTANT_CONVERSION = YES;
				CLANG_WARN_DIRECT_OBJC_ISA_USAGE = YES_ERROR;
				CLANG_WARN_DOCUMENTATION_COMMENTS = YES;
				CLANG_WARN_EMPTY_BODY = YES;
				CLANG_WARN_ENUM_CONVERSION = YES;
				CLANG_WARN_INFINITE_RECURSION = YES;
				CLANG_WARN_INT_CONVERSION = YES;
				CLANG_WARN_NON_LITERAL_NULL_CONVERSION = YES;
				CLANG_WARN_OBJC_LITERAL_CONVERSION = YES;
				CLANG_WARN_OBJC_ROOT_CLASS = YES_ERROR;
				CLANG_WARN_RANGE_LOOP_ANALYSIS = YES;
				CLANG_WARN_STRICT_PROTOTYPES = YES;
				CLANG_WARN_SUSPICIOUS_MOVE = YES;
				CLANG_WARN_UNGUARDED_AVAILABILITY = YES_AGGRESSIVE;
				CLANG_WARN_UNREACHABLE_CODE = YES;
				CLANG_WARN__DUPLICATE_METHOD_MATCH = YES;
				CODE_SIGN_IDENTITY = "iPhone Developer";
				COPY_PHASE_STRIP = NO;
				DEBUG_INFORMATION_FORMAT = dwarf;
				ENABLE_STRICT_OBJC_MSGSEND = YES;
				ENABLE_TESTABILITY = YES;
				GCC_C_LANGUAGE_STANDARD = gnu11;
				GCC_DYNAMIC_NO_PIC = NO;
				GCC_NO_COMMON_BLOCKS = YES;
				GCC_OPTIMIZATION_LEVEL = 0;
				GCC_PREPROCESSOR_DEFINITIONS = (
					"DEBUG=1",
					"$(inherited)",
				);
				GCC_WARN_64_TO_32_BIT_CONVERSION = YES;
				GCC_WARN_ABOUT_RETURN_TYPE = YES_ERROR;
				GCC_WARN_UNDECLARED_SELECTOR = YES;
				GCC_WARN_UNINITIALIZED_AUTOS = YES_AGGRESSIVE;
				GCC_WARN_UNUSED_FUNCTION = YES;
				GCC_WARN_UNUSED_VARIABLE = YES;
				IPHONEOS_DEPLOYMENT_TARGET = 11.2;
				MTL_ENABLE_DEBUG_INFO = YES;
				ONLY_ACTIVE_ARCH = YES;
				SDKROOT = iphoneos;
				SWIFT_ACTIVE_COMPILATION_CONDITIONS = DEBUG;
				SWIFT_OPTIMIZATION_LEVEL = "-Onone";
			};
			name = Debug;
		};
		98A50CC7209F7B7F0090FC8E /* Release */ = {
			isa = XCBuildConfiguration;
			buildSettings = {
				ALWAYS_SEARCH_USER_PATHS = NO;
				CLANG_ANALYZER_NONNULL = YES;
				CLANG_ANALYZER_NUMBER_OBJECT_CONVERSION = YES_AGGRESSIVE;
				CLANG_CXX_LANGUAGE_STANDARD = "gnu++14";
				CLANG_CXX_LIBRARY = "libc++";
				CLANG_ENABLE_MODULES = YES;
				CLANG_ENABLE_OBJC_ARC = YES;
				CLANG_WARN_BLOCK_CAPTURE_AUTORELEASING = YES;
				CLANG_WARN_BOOL_CONVERSION = YES;
				CLANG_WARN_COMMA = YES;
				CLANG_WARN_CONSTANT_CONVERSION = YES;
				CLANG_WARN_DIRECT_OBJC_ISA_USAGE = YES_ERROR;
				CLANG_WARN_DOCUMENTATION_COMMENTS = YES;
				CLANG_WARN_EMPTY_BODY = YES;
				CLANG_WARN_ENUM_CONVERSION = YES;
				CLANG_WARN_INFINITE_RECURSION = YES;
				CLANG_WARN_INT_CONVERSION = YES;
				CLANG_WARN_NON_LITERAL_NULL_CONVERSION = YES;
				CLANG_WARN_OBJC_LITERAL_CONVERSION = YES;
				CLANG_WARN_OBJC_ROOT_CLASS = YES_ERROR;
				CLANG_WARN_RANGE_LOOP_ANALYSIS = YES;
				CLANG_WARN_STRICT_PROTOTYPES = YES;
				CLANG_WARN_SUSPICIOUS_MOVE = YES;
				CLANG_WARN_UNGUARDED_AVAILABILITY = YES_AGGRESSIVE;
				CLANG_WARN_UNREACHABLE_CODE = YES;
				CLANG_WARN__DUPLICATE_METHOD_MATCH = YES;
				CODE_SIGN_IDENTITY = "iPhone Developer";
				COPY_PHASE_STRIP = NO;
				DEBUG_INFORMATION_FORMAT = "dwarf-with-dsym";
				ENABLE_NS_ASSERTIONS = NO;
				ENABLE_STRICT_OBJC_MSGSEND = YES;
				GCC_C_LANGUAGE_STANDARD = gnu11;
				GCC_NO_COMMON_BLOCKS = YES;
				GCC_WARN_64_TO_32_BIT_CONVERSION = YES;
				GCC_WARN_ABOUT_RETURN_TYPE = YES_ERROR;
				GCC_WARN_UNDECLARED_SELECTOR = YES;
				GCC_WARN_UNINITIALIZED_AUTOS = YES_AGGRESSIVE;
				GCC_WARN_UNUSED_FUNCTION = YES;
				GCC_WARN_UNUSED_VARIABLE = YES;
				IPHONEOS_DEPLOYMENT_TARGET = 11.2;
				MTL_ENABLE_DEBUG_INFO = NO;
				SDKROOT = iphoneos;
				SWIFT_OPTIMIZATION_LEVEL = "-Owholemodule";
				VALIDATE_PRODUCT = YES;
			};
			name = Release;
		};
		98A50CC9209F7B7F0090FC8E /* Debug */ = {
			isa = XCBuildConfiguration;
			buildSettings = {
				ASSETCATALOG_COMPILER_APPICON_NAME = AppIcon;
				CODE_SIGN_STYLE = Automatic;
				DEVELOPMENT_TEAM = 26Z24PM6F7;
				INFOPLIST_FILE = HousePartyApp/Info.plist;
				LD_RUNPATH_SEARCH_PATHS = "$(inherited) @executable_path/Frameworks";
				PRODUCT_BUNDLE_IDENTIFIER = clukLabs.HousePartyApp;
				PRODUCT_NAME = "$(TARGET_NAME)";
				SWIFT_VERSION = 4.0;
				TARGETED_DEVICE_FAMILY = "1,2";
			};
			name = Debug;
		};
		98A50CCA209F7B7F0090FC8E /* Release */ = {
			isa = XCBuildConfiguration;
			buildSettings = {
				ASSETCATALOG_COMPILER_APPICON_NAME = AppIcon;
				CODE_SIGN_STYLE = Automatic;
				DEVELOPMENT_TEAM = 26Z24PM6F7;
				INFOPLIST_FILE = HousePartyApp/Info.plist;
				LD_RUNPATH_SEARCH_PATHS = "$(inherited) @executable_path/Frameworks";
				PRODUCT_BUNDLE_IDENTIFIER = clukLabs.HousePartyApp;
				PRODUCT_NAME = "$(TARGET_NAME)";
				SWIFT_VERSION = 4.0;
				TARGETED_DEVICE_FAMILY = "1,2";
			};
			name = Release;
		};
		98A50CCC209F7B7F0090FC8E /* Debug */ = {
			isa = XCBuildConfiguration;
			buildSettings = {
				ALWAYS_EMBED_SWIFT_STANDARD_LIBRARIES = YES;
				BUNDLE_LOADER = "$(TEST_HOST)";
				CODE_SIGN_STYLE = Automatic;
				DEVELOPMENT_TEAM = 26Z24PM6F7;
				INFOPLIST_FILE = HousePartyAppTests/Info.plist;
				LD_RUNPATH_SEARCH_PATHS = "$(inherited) @executable_path/Frameworks @loader_path/Frameworks";
				PRODUCT_BUNDLE_IDENTIFIER = clukLabs.HousePartyAppTests;
				PRODUCT_NAME = "$(TARGET_NAME)";
				SWIFT_VERSION = 4.0;
				TARGETED_DEVICE_FAMILY = "1,2";
				TEST_HOST = "$(BUILT_PRODUCTS_DIR)/HousePartyApp.app/HousePartyApp";
			};
			name = Debug;
		};
		98A50CCD209F7B7F0090FC8E /* Release */ = {
			isa = XCBuildConfiguration;
			buildSettings = {
				ALWAYS_EMBED_SWIFT_STANDARD_LIBRARIES = YES;
				BUNDLE_LOADER = "$(TEST_HOST)";
				CODE_SIGN_STYLE = Automatic;
				DEVELOPMENT_TEAM = 26Z24PM6F7;
				INFOPLIST_FILE = HousePartyAppTests/Info.plist;
				LD_RUNPATH_SEARCH_PATHS = "$(inherited) @executable_path/Frameworks @loader_path/Frameworks";
				PRODUCT_BUNDLE_IDENTIFIER = clukLabs.HousePartyAppTests;
				PRODUCT_NAME = "$(TARGET_NAME)";
				SWIFT_VERSION = 4.0;
				TARGETED_DEVICE_FAMILY = "1,2";
				TEST_HOST = "$(BUILT_PRODUCTS_DIR)/HousePartyApp.app/HousePartyApp";
			};
			name = Release;
		};
		98A50CCF209F7B7F0090FC8E /* Debug */ = {
			isa = XCBuildConfiguration;
			buildSettings = {
				ALWAYS_EMBED_SWIFT_STANDARD_LIBRARIES = YES;
				CODE_SIGN_STYLE = Automatic;
				DEVELOPMENT_TEAM = 26Z24PM6F7;
				INFOPLIST_FILE = HousePartyAppUITests/Info.plist;
				LD_RUNPATH_SEARCH_PATHS = "$(inherited) @executable_path/Frameworks @loader_path/Frameworks";
				PRODUCT_BUNDLE_IDENTIFIER = clukLabs.HousePartyAppUITests;
				PRODUCT_NAME = "$(TARGET_NAME)";
				SWIFT_VERSION = 4.0;
				TARGETED_DEVICE_FAMILY = "1,2";
				TEST_TARGET_NAME = HousePartyApp;
			};
			name = Debug;
		};
		98A50CD0209F7B7F0090FC8E /* Release */ = {
			isa = XCBuildConfiguration;
			buildSettings = {
				ALWAYS_EMBED_SWIFT_STANDARD_LIBRARIES = YES;
				CODE_SIGN_STYLE = Automatic;
				DEVELOPMENT_TEAM = 26Z24PM6F7;
				INFOPLIST_FILE = HousePartyAppUITests/Info.plist;
				LD_RUNPATH_SEARCH_PATHS = "$(inherited) @executable_path/Frameworks @loader_path/Frameworks";
				PRODUCT_BUNDLE_IDENTIFIER = clukLabs.HousePartyAppUITests;
				PRODUCT_NAME = "$(TARGET_NAME)";
				SWIFT_VERSION = 4.0;
				TARGETED_DEVICE_FAMILY = "1,2";
				TEST_TARGET_NAME = HousePartyApp;
			};
			name = Release;
		};
/* End XCBuildConfiguration section */

/* Begin XCConfigurationList section */
		98A50C9B209F7B7F0090FC8E /* Build configuration list for PBXProject "HousePartyApp" */ = {
			isa = XCConfigurationList;
			buildConfigurations = (
				98A50CC6209F7B7F0090FC8E /* Debug */,
				98A50CC7209F7B7F0090FC8E /* Release */,
			);
			defaultConfigurationIsVisible = 0;
			defaultConfigurationName = Release;
		};
		98A50CC8209F7B7F0090FC8E /* Build configuration list for PBXNativeTarget "HousePartyApp" */ = {
			isa = XCConfigurationList;
			buildConfigurations = (
				98A50CC9209F7B7F0090FC8E /* Debug */,
				98A50CCA209F7B7F0090FC8E /* Release */,
			);
			defaultConfigurationIsVisible = 0;
			defaultConfigurationName = Release;
		};
		98A50CCB209F7B7F0090FC8E /* Build configuration list for PBXNativeTarget "HousePartyAppTests" */ = {
			isa = XCConfigurationList;
			buildConfigurations = (
				98A50CCC209F7B7F0090FC8E /* Debug */,
				98A50CCD209F7B7F0090FC8E /* Release */,
			);
			defaultConfigurationIsVisible = 0;
			defaultConfigurationName = Release;
		};
		98A50CCE209F7B7F0090FC8E /* Build configuration list for PBXNativeTarget "HousePartyAppUITests" */ = {
			isa = XCConfigurationList;
			buildConfigurations = (
				98A50CCF209F7B7F0090FC8E /* Debug */,
				98A50CD0209F7B7F0090FC8E /* Release */,
			);
			defaultConfigurationIsVisible = 0;
			defaultConfigurationName = Release;
		};
/* End XCConfigurationList section */
	};
	rootObject = 98A50C98209F7B7F0090FC8E /* Project object */;
}
